
Microsoft Visual Studio Solution File, Format Version 12.00
# Visual Studio Version 17
VisualStudioVersion = 17.3.32804.467
MinimumVisualStudioVersion = 10.0.40219.1
Project("{9A19103F-16F7-4668-BE54-9A1E7A4F7556}") = "PSManager", "PSManager\PSManager.csproj", "{06B9B0FE-CA5C-401D-8E21-E117586BF1E4}"
EndProject
Project("{9A19103F-16F7-4668-BE54-9A1E7A4F7556}") = "PSAPI", "PSAPI\PSAPI.csproj", "{1F966F20-5CA5-4934-B7FF-737D59AC095A}"
EndProject
Project("{9A19103F-16F7-4668-BE54-9A1E7A4F7556}") = "PSDTO", "PSDTO\PSDTO.csproj", "{EB85270C-5965-4A7C-99BE-572E2E251064}"
EndProject
Project("{9A19103F-16F7-4668-BE54-9A1E7A4F7556}") = "PSData", "PSData\PSData.csproj", "{EBFE69A4-E797-482F-AC78-13D8DD4D4067}"
EndProject
Project("{9A19103F-16F7-4668-BE54-9A1E7A4F7556}") = "PSAPI.Test", "PSAPI.Test\PSAPI.Test.csproj", "{97430E51-B4CD-4555-97BC-14C36D60B7F0}"
EndProject
Project("{9A19103F-16F7-4668-BE54-9A1E7A4F7556}") = "PSServices", "PSServices\PSServices.csproj", "{F29A6585-A570-46D3-8BE2-2E13B6F83BE8}"
EndProject
Project("{9A19103F-16F7-4668-BE54-9A1E7A4F7556}") = "PSAZServiceBus", "PSAZServiceBus\PSAZServiceBus.csproj", "{12A45500-94A6-443F-B43A-43A0F7DC44F4}"
EndProject
Project("{2150E333-8FDC-42A3-9474-1A3956D46DE8}") = "ExampleProjects", "ExampleProjects", "{00D26FED-78A4-440C-9722-790347DAA159}"
EndProject
Project("{9A19103F-16F7-4668-BE54-9A1E7A4F7556}") = "ExampleWorkers", "ExampleWorkers\ExampleWorkers.csproj", "{90300E99-76AA-4474-8462-3A9683396810}"
EndProject
Project("{FAE04EC0-301F-11D3-BF4B-00C04F79EFBC}") = "PSInterfaces", "PSInterfaces\PSInterfaces.csproj", "{7BE80602-9BD9-4E63-A549-38DBA811964B}"
EndProject
Global
	GlobalSection(SolutionConfigurationPlatforms) = preSolution
		Debug|Any CPU = Debug|Any CPU
		Release|Any CPU = Release|Any CPU
	EndGlobalSection
	GlobalSection(ProjectConfigurationPlatforms) = postSolution
		{06B9B0FE-CA5C-401D-8E21-E117586BF1E4}.Debug|Any CPU.ActiveCfg = Debug|Any CPU
		{06B9B0FE-CA5C-401D-8E21-E117586BF1E4}.Debug|Any CPU.Build.0 = Debug|Any CPU
		{06B9B0FE-CA5C-401D-8E21-E117586BF1E4}.Release|Any CPU.ActiveCfg = Release|Any CPU
		{06B9B0FE-CA5C-401D-8E21-E117586BF1E4}.Release|Any CPU.Build.0 = Release|Any CPU
		{1F966F20-5CA5-4934-B7FF-737D59AC095A}.Debug|Any CPU.ActiveCfg = Debug|Any CPU
		{1F966F20-5CA5-4934-B7FF-737D59AC095A}.Debug|Any CPU.Build.0 = Debug|Any CPU
		{1F966F20-5CA5-4934-B7FF-737D59AC095A}.Release|Any CPU.ActiveCfg = Release|Any CPU
		{1F966F20-5CA5-4934-B7FF-737D59AC095A}.Release|Any CPU.Build.0 = Release|Any CPU
		{EB85270C-5965-4A7C-99BE-572E2E251064}.Debug|Any CPU.ActiveCfg = Debug|Any CPU
		{EB85270C-5965-4A7C-99BE-572E2E251064}.Debug|Any CPU.Build.0 = Debug|Any CPU
		{EB85270C-5965-4A7C-99BE-572E2E251064}.Release|Any CPU.ActiveCfg = Release|Any CPU
		{EB85270C-5965-4A7C-99BE-572E2E251064}.Release|Any CPU.Build.0 = Release|Any CPU
		{EBFE69A4-E797-482F-AC78-13D8DD4D4067}.Debug|Any CPU.ActiveCfg = Debug|Any CPU
		{EBFE69A4-E797-482F-AC78-13D8DD4D4067}.Debug|Any CPU.Build.0 = Debug|Any CPU
		{EBFE69A4-E797-482F-AC78-13D8DD4D4067}.Release|Any CPU.ActiveCfg = Release|Any CPU
		{EBFE69A4-E797-482F-AC78-13D8DD4D4067}.Release|Any CPU.Build.0 = Release|Any CPU
		{97430E51-B4CD-4555-97BC-14C36D60B7F0}.Debug|Any CPU.ActiveCfg = Debug|Any CPU
		{97430E51-B4CD-4555-97BC-14C36D60B7F0}.Debug|Any CPU.Build.0 = Debug|Any CPU
		{97430E51-B4CD-4555-97BC-14C36D60B7F0}.Release|Any CPU.ActiveCfg = Release|Any CPU
		{97430E51-B4CD-4555-97BC-14C36D60B7F0}.Release|Any CPU.Build.0 = Release|Any CPU
		{F29A6585-A570-46D3-8BE2-2E13B6F83BE8}.Debug|Any CPU.ActiveCfg = Debug|Any CPU
		{F29A6585-A570-46D3-8BE2-2E13B6F83BE8}.Debug|Any CPU.Build.0 = Debug|Any CPU
		{F29A6585-A570-46D3-8BE2-2E13B6F83BE8}.Release|Any CPU.ActiveCfg = Release|Any CPU
		{F29A6585-A570-46D3-8BE2-2E13B6F83BE8}.Release|Any CPU.Build.0 = Release|Any CPU
		{12A45500-94A6-443F-B43A-43A0F7DC44F4}.Debug|Any CPU.ActiveCfg = Debug|Any CPU
		{12A45500-94A6-443F-B43A-43A0F7DC44F4}.Debug|Any CPU.Build.0 = Debug|Any CPU
		{12A45500-94A6-443F-B43A-43A0F7DC44F4}.Release|Any CPU.ActiveCfg = Release|Any CPU
		{12A45500-94A6-443F-B43A-43A0F7DC44F4}.Release|Any CPU.Build.0 = Release|Any CPU
		{90300E99-76AA-4474-8462-3A9683396810}.Debug|Any CPU.ActiveCfg = Debug|Any CPU
		{90300E99-76AA-4474-8462-3A9683396810}.Debug|Any CPU.Build.0 = Debug|Any CPU
		{90300E99-76AA-4474-8462-3A9683396810}.Release|Any CPU.ActiveCfg = Release|Any CPU
		{90300E99-76AA-4474-8462-3A9683396810}.Release|Any CPU.Build.0 = Release|Any CPU
		{7BE80602-9BD9-4E63-A549-38DBA811964B}.Debug|Any CPU.ActiveCfg = Debug|Any CPU
		{7BE80602-9BD9-4E63-A549-38DBA811964B}.Debug|Any CPU.Build.0 = Debug|Any CPU
		{7BE80602-9BD9-4E63-A549-38DBA811964B}.Release|Any CPU.ActiveCfg = Release|Any CPU
		{7BE80602-9BD9-4E63-A549-38DBA811964B}.Release|Any CPU.Build.0 = Release|Any CPU
	EndGlobalSection
	GlobalSection(SolutionProperties) = preSolution
		HideSolutionNode = FALSE
	EndGlobalSection
	GlobalSection(NestedProjects) = preSolution
		{90300E99-76AA-4474-8462-3A9683396810} = {00D26FED-78A4-440C-9722-790347DAA159}
	EndGlobalSection
	GlobalSection(ExtensibilityGlobals) = postSolution
		SolutionGuid = {DA9FFAE4-CD5B-41C3-832D-7BD49C68E0A4}
	EndGlobalSection
EndGlobal
